
Microsoft Visual Studio Solution File, Format Version 12.00
# Visual Studio Version 17
VisualStudioVersion = 17.6.33801.468
MinimumVisualStudioVersion = 10.0.40219.1
Project("{FAE04EC0-301F-11D3-BF4B-00C04F79EFBC}") = "P03_SalesDatabase", "P03_SalesDatabase\P03_SalesDatabase.csproj", "{D29AFDE0-F28D-4A89-97A7-DC8309CCF2F9}"
EndProject
Global
	GlobalSection(SolutionConfigurationPlatforms) = preSolution
		Debug|Any CPU = Debug|Any CPU
		Release|Any CPU = Release|Any CPU
	EndGlobalSection
	GlobalSection(ProjectConfigurationPlatforms) = postSolution
		{D29AFDE0-F28D-4A89-97A7-DC8309CCF2F9}.Debug|Any CPU.ActiveCfg = Debug|Any CPU
		{D29AFDE0-F28D-4A89-97A7-DC8309CCF2F9}.Debug|Any CPU.Build.0 = Debug|Any CPU
		{D29AFDE0-F28D-4A89-97A7-DC8309CCF2F9}.Release|Any CPU.ActiveCfg = Release|Any CPU
		{D29AFDE0-F28D-4A89-97A7-DC8309CCF2F9}.Release|Any CPU.Build.0 = Release|Any CPU
	EndGlobalSection
	GlobalSection(SolutionProperties) = preSolution
		HideSolutionNode = FALSE
	EndGlobalSection
	GlobalSection(ExtensibilityGlobals) = postSolution
		SolutionGuid = {DC41E892-BF5F-4AF2-ACDE-F54F52DF8AEB}
	EndGlobalSection
EndGlobal
